
Microsoft Visual Studio Solution File, Format Version 12.00
# Visual Studio Version 17
VisualStudioVersion = 17.4.33205.214
MinimumVisualStudioVersion = 10.0.40219.1
Project("{9A19103F-16F7-4668-BE54-9A1E7A4F7556}") = "MoodReboot", "MoodReboot\MoodReboot.csproj", "{6F3EDCEC-9ED1-4AC8-8F41-94B5FC4B8F70}"
EndProject
Project("{FAE04EC0-301F-11D3-BF4B-00C04F79EFBC}") = "NugetMoodReboot", "NugetMoodReboot\NugetMoodReboot.csproj", "{407E443D-872A-435A-9F9D-284E665B6134}"
EndProject
Project("{FAE04EC0-301F-11D3-BF4B-00C04F79EFBC}") = "APIMoodReboot", "APIMoodReboot\APIMoodReboot.csproj", "{E0006009-97F0-4CBA-A552-7CF80DA321F9}"
EndProject
Global
	GlobalSection(SolutionConfigurationPlatforms) = preSolution
		Debug|Any CPU = Debug|Any CPU
		Release|Any CPU = Release|Any CPU
	EndGlobalSection
	GlobalSection(ProjectConfigurationPlatforms) = postSolution
		{6F3EDCEC-9ED1-4AC8-8F41-94B5FC4B8F70}.Debug|Any CPU.ActiveCfg = Debug|Any CPU
		{6F3EDCEC-9ED1-4AC8-8F41-94B5FC4B8F70}.Debug|Any CPU.Build.0 = Debug|Any CPU
		{6F3EDCEC-9ED1-4AC8-8F41-94B5FC4B8F70}.Release|Any CPU.ActiveCfg = Release|Any CPU
		{6F3EDCEC-9ED1-4AC8-8F41-94B5FC4B8F70}.Release|Any CPU.Build.0 = Release|Any CPU
		{407E443D-872A-435A-9F9D-284E665B6134}.Debug|Any CPU.ActiveCfg = Debug|Any CPU
		{407E443D-872A-435A-9F9D-284E665B6134}.Debug|Any CPU.Build.0 = Debug|Any CPU
		{407E443D-872A-435A-9F9D-284E665B6134}.Release|Any CPU.ActiveCfg = Release|Any CPU
		{407E443D-872A-435A-9F9D-284E665B6134}.Release|Any CPU.Build.0 = Release|Any CPU
		{E0006009-97F0-4CBA-A552-7CF80DA321F9}.Debug|Any CPU.ActiveCfg = Debug|Any CPU
		{E0006009-97F0-4CBA-A552-7CF80DA321F9}.Debug|Any CPU.Build.0 = Debug|Any CPU
		{E0006009-97F0-4CBA-A552-7CF80DA321F9}.Release|Any CPU.ActiveCfg = Release|Any CPU
		{E0006009-97F0-4CBA-A552-7CF80DA321F9}.Release|Any CPU.Build.0 = Release|Any CPU
	EndGlobalSection
	GlobalSection(SolutionProperties) = preSolution
		HideSolutionNode = FALSE
	EndGlobalSection
	GlobalSection(ExtensibilityGlobals) = postSolution
		SolutionGuid = {F734F27B-92AC-420A-A4D2-4816F7FEC270}
	EndGlobalSection
EndGlobal
